{
  "name": "hello-world",
  "version": "1.0.0",
  "lockfileVersion": 3,
  "requires": true,
  "packages": {
    "": {
      "name": "hello-world",
      "version": "1.0.0",
      "license": "ISC",
      "dependencies": {
        "@faasit/runtime": "file:../../../faasit/packages/faasit-runtime/javascript"
      }
    },
    "node_modules/@faasit/runtime": {
      "version": "1.2.0",
      "resolved": "file:../../../faasit/packages/faasit-runtime/javascript"
    }
  }
}
